
Microsoft Visual Studio Solution File, Format Version 12.00
Project("{FAE04EC0-301F-11D3-BF4B-00C04F79EFBC}") = "Departments", "Departments\Departments.csproj", "{47503E21-8700-4541-BA6C-16EC11476934}"
EndProject
Project("{FAE04EC0-301F-11D3-BF4B-00C04F79EFBC}") = "Status", "Status\Status.csproj", "{ACB8688B-9725-4538-A896-86483492F47C}"
EndProject
Global
	GlobalSection(SolutionConfigurationPlatforms) = preSolution
		Debug|Any CPU = Debug|Any CPU
		Release|Any CPU = Release|Any CPU
	EndGlobalSection
	GlobalSection(ProjectConfigurationPlatforms) = postSolution
		{47503E21-8700-4541-BA6C-16EC11476934}.Debug|Any CPU.ActiveCfg = Debug|Any CPU
		{47503E21-8700-4541-BA6C-16EC11476934}.Debug|Any CPU.Build.0 = Debug|Any CPU
		{47503E21-8700-4541-BA6C-16EC11476934}.Release|Any CPU.ActiveCfg = Release|Any CPU
		{47503E21-8700-4541-BA6C-16EC11476934}.Release|Any CPU.Build.0 = Release|Any CPU
		{ACB8688B-9725-4538-A896-86483492F47C}.Debug|Any CPU.ActiveCfg = Debug|Any CPU
		{ACB8688B-9725-4538-A896-86483492F47C}.Debug|Any CPU.Build.0 = Debug|Any CPU
		{ACB8688B-9725-4538-A896-86483492F47C}.Release|Any CPU.ActiveCfg = Release|Any CPU
		{ACB8688B-9725-4538-A896-86483492F47C}.Release|Any CPU.Build.0 = Release|Any CPU
	EndGlobalSection
EndGlobal
